
Microsoft Visual Studio Solution File, Format Version 12.00
# Visual Studio Version 16
VisualStudioVersion = 16.0.29709.97
MinimumVisualStudioVersion = 10.0.40219.1
Project("{FAE04EC0-301F-11D3-BF4B-00C04F79EFBC}") = "PythonExecutor", "PythonExecutor.csproj", "{C782B6E3-1A43-4539-8142-C37A52185477}"
EndProject
Global
	GlobalSection(SolutionConfigurationPlatforms) = preSolution
		Debug|Any CPU = Debug|Any CPU
		Release|Any CPU = Release|Any CPU
	EndGlobalSection
	GlobalSection(ProjectConfigurationPlatforms) = postSolution
		{C782B6E3-1A43-4539-8142-C37A52185477}.Debug|Any CPU.ActiveCfg = Debug|Any CPU
		{C782B6E3-1A43-4539-8142-C37A52185477}.Debug|Any CPU.Build.0 = Debug|Any CPU
		{C782B6E3-1A43-4539-8142-C37A52185477}.Release|Any CPU.ActiveCfg = Release|Any CPU
		{C782B6E3-1A43-4539-8142-C37A52185477}.Release|Any CPU.Build.0 = Release|Any CPU
	EndGlobalSection
	GlobalSection(SolutionProperties) = preSolution
		HideSolutionNode = FALSE
	EndGlobalSection
	GlobalSection(ExtensibilityGlobals) = postSolution
		SolutionGuid = {2E1FA666-325A-4003-965C-67D7A4D2FE57}
	EndGlobalSection
EndGlobal
